
Microsoft Visual Studio Solution File, Format Version 12.00
# Visual Studio Version 17
VisualStudioVersion = 17.14.36518.9 d17.14
MinimumVisualStudioVersion = 10.0.40219.1
Project("{FAE04EC0-301F-11D3-BF4B-00C04F79EFBC}") = "eserciziFunzioni2", "eserciziFunzioni2.csproj", "{475687E3-D69A-469A-B792-A37537506A05}"
EndProject
Global
	GlobalSection(SolutionConfigurationPlatforms) = preSolution
		Debug|Any CPU = Debug|Any CPU
		Release|Any CPU = Release|Any CPU
	EndGlobalSection
	GlobalSection(ProjectConfigurationPlatforms) = postSolution
		{475687E3-D69A-469A-B792-A37537506A05}.Debug|Any CPU.ActiveCfg = Debug|Any CPU
		{475687E3-D69A-469A-B792-A37537506A05}.Debug|Any CPU.Build.0 = Debug|Any CPU
		{475687E3-D69A-469A-B792-A37537506A05}.Release|Any CPU.ActiveCfg = Release|Any CPU
		{475687E3-D69A-469A-B792-A37537506A05}.Release|Any CPU.Build.0 = Release|Any CPU
	EndGlobalSection
	GlobalSection(SolutionProperties) = preSolution
		HideSolutionNode = FALSE
	EndGlobalSection
	GlobalSection(ExtensibilityGlobals) = postSolution
		SolutionGuid = {42CDBAD5-0DD1-43C1-B845-4832C6B47B07}
	EndGlobalSection
EndGlobal
